// !$*UTF8*$!
{
	archiveVersion = 1;
	classes = {
	};
	objectVersion = 48;
	objects = {

/* Begin PBXBuildFile section */
		BF3AEA9E1FAA774A006F0003 /* AppDelegate.swift in Sources */ = {isa = PBXBuildFile; fileRef = BF3AEA9D1FAA774A006F0003 /* AppDelegate.swift */; };
		BF3AEAA01FAA774A006F0003 /* ViewController.swift in Sources */ = {isa = PBXBuildFile; fileRef = BF3AEA9F1FAA774A006F0003 /* ViewController.swift */; };
		BF3AEAA31FAA774A006F0003 /* Main.storyboard in Resources */ = {isa = PBXBuildFile; fileRef = BF3AEAA11FAA774A006F0003 /* Main.storyboard */; };
		BF3AEAA51FAA774A006F0003 /* Assets.xcassets in Resources */ = {isa = PBXBuildFile; fileRef = BF3AEAA41FAA774A006F0003 /* Assets.xcassets */; };
		BF3AEAA81FAA774A006F0003 /* LaunchScreen.storyboard in Resources */ = {isa = PBXBuildFile; fileRef = BF3AEAA61FAA774A006F0003 /* LaunchScreen.storyboard */; };
		BF3AEAB01FAA9E55006F0003 /* Enums.swift in Sources */ = {isa = PBXBuildFile; fileRef = BF3AEAAF1FAA9E55006F0003 /* Enums.swift */; };
		BF3AEAB41FAAA2DB006F0003 /* Root.swift in Sources */ = {isa = PBXBuildFile; fileRef = BF3AEAB31FAAA2DB006F0003 /* Root.swift */; };
		BF3AEAB61FAAA41B006F0003 /* Container.swift in Sources */ = {isa = PBXBuildFile; fileRef = BF3AEAB51FAAA41B006F0003 /* Container.swift */; };
		BF3AEABA1FAAAEB4006F0003 /* Networking.swift in Sources */ = {isa = PBXBuildFile; fileRef = BF3AEAB91FAAAEB4006F0003 /* Networking.swift */; };
		BF3AEABC1FAABDF2006F0003 /* PostsTableViewController.swift in Sources */ = {isa = PBXBuildFile; fileRef = BF3AEABB1FAABDF2006F0003 /* PostsTableViewController.swift */; };
		BF3AEABE1FAABE14006F0003 /* PostsTableViewCell.swift in Sources */ = {isa = PBXBuildFile; fileRef = BF3AEABD1FAABE14006F0003 /* PostsTableViewCell.swift */; };
		BF3AEAC01FAABE25006F0003 /* CommentsTableViewCell.swift in Sources */ = {isa = PBXBuildFile; fileRef = BF3AEABF1FAABE25006F0003 /* CommentsTableViewCell.swift */; };
		BF3AEAC21FAABE39006F0003 /* CommentsTableViewController.swift in Sources */ = {isa = PBXBuildFile; fileRef = BF3AEAC11FAABE39006F0003 /* CommentsTableViewController.swift */; };
/* End PBXBuildFile section */

/* Begin PBXFileReference section */
		BF3AEA9A1FAA774A006F0003 /* Product-Hunt-API.app */ = {isa = PBXFileReference; explicitFileType = wrapper.application; includeInIndex = 0; path = "Product-Hunt-API.app"; sourceTree = BUILT_PRODUCTS_DIR; };
		BF3AEA9D1FAA774A006F0003 /* AppDelegate.swift */ = {isa = PBXFileReference; lastKnownFileType = sourcecode.swift; path = AppDelegate.swift; sourceTree = "<group>"; };
		BF3AEA9F1FAA774A006F0003 /* ViewController.swift */ = {isa = PBXFileReference; lastKnownFileType = sourcecode.swift; path = ViewController.swift; sourceTree = "<group>"; };
		BF3AEAA21FAA774A006F0003 /* Base */ = {isa = PBXFileReference; lastKnownFileType = file.storyboard; name = Base; path = Base.lproj/Main.storyboard; sourceTree = "<group>"; };
		BF3AEAA41FAA774A006F0003 /* Assets.xcassets */ = {isa = PBXFileReference; lastKnownFileType = folder.assetcatalog; path = Assets.xcassets; sourceTree = "<group>"; };
		BF3AEAA71FAA774A006F0003 /* Base */ = {isa = PBXFileReference; lastKnownFileType = file.storyboard; name = Base; path = Base.lproj/LaunchScreen.storyboard; sourceTree = "<group>"; };
		BF3AEAA91FAA774A006F0003 /* Info.plist */ = {isa = PBXFileReference; lastKnownFileType = text.plist.xml; path = Info.plist; sourceTree = "<group>"; };
		BF3AEAAF1FAA9E55006F0003 /* Enums.swift */ = {isa = PBXFileReference; lastKnownFileType = sourcecode.swift; path = Enums.swift; sourceTree = "<group>"; };
		BF3AEAB31FAAA2DB006F0003 /* Root.swift */ = {isa = PBXFileReference; lastKnownFileType = sourcecode.swift; path = Root.swift; sourceTree = "<group>"; };
		BF3AEAB51FAAA41B006F0003 /* Container.swift */ = {isa = PBXFileReference; lastKnownFileType = sourcecode.swift; path = Container.swift; sourceTree = "<group>"; };
		BF3AEAB91FAAAEB4006F0003 /* Networking.swift */ = {isa = PBXFileReference; lastKnownFileType = sourcecode.swift; path = Networking.swift; sourceTree = "<group>"; };
		BF3AEABB1FAABDF2006F0003 /* PostsTableViewController.swift */ = {isa = PBXFileReference; lastKnownFileType = sourcecode.swift; path = PostsTableViewController.swift; sourceTree = "<group>"; };
		BF3AEABD1FAABE14006F0003 /* PostsTableViewCell.swift */ = {isa = PBXFileReference; lastKnownFileType = sourcecode.swift; path = PostsTableViewCell.swift; sourceTree = "<group>"; };
		BF3AEABF1FAABE25006F0003 /* CommentsTableViewCell.swift */ = {isa = PBXFileReference; lastKnownFileType = sourcecode.swift; path = CommentsTableViewCell.swift; sourceTree = "<group>"; };
		BF3AEAC11FAABE39006F0003 /* CommentsTableViewController.swift */ = {isa = PBXFileReference; lastKnownFileType = sourcecode.swift; path = CommentsTableViewController.swift; sourceTree = "<group>"; };
/* End PBXFileReference section */

/* Begin PBXFrameworksBuildPhase section */
		BF3AEA971FAA774A006F0003 /* Frameworks */ = {
			isa = PBXFrameworksBuildPhase;
			buildActionMask = 2147483647;
			files = (
			);
			runOnlyForDeploymentPostprocessing = 0;
		};
/* End PBXFrameworksBuildPhase section */

/* Begin PBXGroup section */
		BF3AEA911FAA774A006F0003 = {
			isa = PBXGroup;
			children = (
				BF3AEA9C1FAA774A006F0003 /* Product-Hunt-API */,
				BF3AEA9B1FAA774A006F0003 /* Products */,
			);
			sourceTree = "<group>";
		};
		BF3AEA9B1FAA774A006F0003 /* Products */ = {
			isa = PBXGroup;
			children = (
				BF3AEA9A1FAA774A006F0003 /* Product-Hunt-API.app */,
			);
			name = Products;
			sourceTree = "<group>";
		};
		BF3AEA9C1FAA774A006F0003 /* Product-Hunt-API */ = {
			isa = PBXGroup;
			children = (
				BF3AEA9D1FAA774A006F0003 /* AppDelegate.swift */,
				BF3AEA9F1FAA774A006F0003 /* ViewController.swift */,
				BF3AEAAF1FAA9E55006F0003 /* Enums.swift */,
				BF3AEAB31FAAA2DB006F0003 /* Root.swift */,
				BF3AEAB51FAAA41B006F0003 /* Container.swift */,
				BF3AEAB91FAAAEB4006F0003 /* Networking.swift */,
				BF3AEAA11FAA774A006F0003 /* Main.storyboard */,
				BF3AEAA41FAA774A006F0003 /* Assets.xcassets */,
				BF3AEAA61FAA774A006F0003 /* LaunchScreen.storyboard */,
				BF3AEAA91FAA774A006F0003 /* Info.plist */,
				BF3AEABB1FAABDF2006F0003 /* PostsTableViewController.swift */,
				BF3AEABD1FAABE14006F0003 /* PostsTableViewCell.swift */,
				BF3AEAC11FAABE39006F0003 /* CommentsTableViewController.swift */,
				BF3AEABF1FAABE25006F0003 /* CommentsTableViewCell.swift */,
			);
			path = "Product-Hunt-API";
			sourceTree = "<group>";
		};
/* End PBXGroup section */

/* Begin PBXNativeTarget section */
		BF3AEA991FAA774A006F0003 /* Product-Hunt-API */ = {
			isa = PBXNativeTarget;
			buildConfigurationList = BF3AEAAC1FAA774A006F0003 /* Build configuration list for PBXNativeTarget "Product-Hunt-API" */;
			buildPhases = (
				BF3AEA961FAA774A006F0003 /* Sources */,
				BF3AEA971FAA774A006F0003 /* Frameworks */,
				BF3AEA981FAA774A006F0003 /* Resources */,
			);
			buildRules = (
			);
			dependencies = (
			);
			name = "Product-Hunt-API";
			productName = "Product-Hunt-API";
			productReference = BF3AEA9A1FAA774A006F0003 /* Product-Hunt-API.app */;
			productType = "com.apple.product-type.application";
		};
/* End PBXNativeTarget section */

/* Begin PBXProject section */
		BF3AEA921FAA774A006F0003 /* Project object */ = {
			isa = PBXProject;
			attributes = {
				LastSwiftUpdateCheck = 0900;
				LastUpgradeCheck = 0900;
				ORGANIZATIONNAME = "Kaichi Momose";
				TargetAttributes = {
					BF3AEA991FAA774A006F0003 = {
						CreatedOnToolsVersion = 9.0;
						ProvisioningStyle = Automatic;
					};
				};
			};
			buildConfigurationList = BF3AEA951FAA774A006F0003 /* Build configuration list for PBXProject "Product-Hunt-API" */;
			compatibilityVersion = "Xcode 8.0";
			developmentRegion = en;
			hasScannedForEncodings = 0;
			knownRegions = (
				en,
				Base,
			);
			mainGroup = BF3AEA911FAA774A006F0003;
			productRefGroup = BF3AEA9B1FAA774A006F0003 /* Products */;
			projectDirPath = "";
			projectRoot = "";
			targets = (
				BF3AEA991FAA774A006F0003 /* Product-Hunt-API */,
			);
		};
/* End PBXProject section */

/* Begin PBXResourcesBuildPhase section */
		BF3AEA981FAA774A006F0003 /* Resources */ = {
			isa = PBXResourcesBuildPhase;
			buildActionMask = 2147483647;
			files = (
				BF3AEAA81FAA774A006F0003 /* LaunchScreen.storyboard in Resources */,
				BF3AEAA51FAA774A006F0003 /* Assets.xcassets in Resources */,
				BF3AEAA31FAA774A006F0003 /* Main.storyboard in Resources */,
			);
			runOnlyForDeploymentPostprocessing = 0;
		};
/* End PBXResourcesBuildPhase section */

/* Begin PBXSourcesBuildPhase section */
		BF3AEA961FAA774A006F0003 /* Sources */ = {
			isa = PBXSourcesBuildPhase;
			buildActionMask = 2147483647;
			files = (
				BF3AEAA01FAA774A006F0003 /* ViewController.swift in Sources */,
				BF3AEAB41FAAA2DB006F0003 /* Root.swift in Sources */,
				BF3AEAB61FAAA41B006F0003 /* Container.swift in Sources */,
				BF3AEABA1FAAAEB4006F0003 /* Networking.swift in Sources */,
				BF3AEAB01FAA9E55006F0003 /* Enums.swift in Sources */,
				BF3AEAC21FAABE39006F0003 /* CommentsTableViewController.swift in Sources */,
				BF3AEA9E1FAA774A006F0003 /* AppDelegate.swift in Sources */,
				BF3AEABC1FAABDF2006F0003 /* PostsTableViewController.swift in Sources */,
				BF3AEAC01FAABE25006F0003 /* CommentsTableViewCell.swift in Sources */,
				BF3AEABE1FAABE14006F0003 /* PostsTableViewCell.swift in Sources */,
			);
			runOnlyForDeploymentPostprocessing = 0;
		};
/* End PBXSourcesBuildPhase section */

/* Begin PBXVariantGroup section */
		BF3AEAA11FAA774A006F0003 /* Main.storyboard */ = {
			isa = PBXVariantGroup;
			children = (
				BF3AEAA21FAA774A006F0003 /* Base */,
			);
			name = Main.storyboard;
			sourceTree = "<group>";
		};
		BF3AEAA61FAA774A006F0003 /* LaunchScreen.storyboard */ = {
			isa = PBXVariantGroup;
			children = (
				BF3AEAA71FAA774A006F0003 /* Base */,
			);
			name = LaunchScreen.storyboard;
			sourceTree = "<group>";
		};
/* End PBXVariantGroup section */

/* Begin XCBuildConfiguration section */
		BF3AEAAA1FAA774A006F0003 /* Debug */ = {
			isa = XCBuildConfiguration;
			buildSettings = {
				ALWAYS_SEARCH_USER_PATHS = NO;
				CLANG_ANALYZER_NONNULL = YES;
				CLANG_ANALYZER_NUMBER_OBJECT_CONVERSION = YES_AGGRESSIVE;
				CLANG_CXX_LANGUAGE_STANDARD = "gnu++14";
				CLANG_CXX_LIBRARY = "libc++";
				CLANG_ENABLE_MODULES = YES;
				CLANG_ENABLE_OBJC_ARC = YES;
				CLANG_WARN_BLOCK_CAPTURE_AUTORELEASING = YES;
				CLANG_WARN_BOOL_CONVERSION = YES;
				CLANG_WARN_COMMA = YES;
				CLANG_WARN_CONSTANT_CONVERSION = YES;
				CLANG_WARN_DIRECT_OBJC_ISA_USAGE = YES_ERROR;
				CLANG_WARN_DOCUMENTATION_COMMENTS = YES;
				CLANG_WARN_EMPTY_BODY = YES;
				CLANG_WARN_ENUM_CONVERSION = YES;
				CLANG_WARN_INFINITE_RECURSION = YES;
				CLANG_WARN_INT_CONVERSION = YES;
				CLANG_WARN_NON_LITERAL_NULL_CONVERSION = YES;
				CLANG_WARN_OBJC_LITERAL_CONVERSION = YES;
				CLANG_WARN_OBJC_ROOT_CLASS = YES_ERROR;
				CLANG_WARN_RANGE_LOOP_ANALYSIS = YES;
				CLANG_WARN_STRICT_PROTOTYPES = YES;
				CLANG_WARN_SUSPICIOUS_MOVE = YES;
				CLANG_WARN_UNGUARDED_AVAILABILITY = YES_AGGRESSIVE;
				CLANG_WARN_UNREACHABLE_CODE = YES;
				CLANG_WARN__DUPLICATE_METHOD_MATCH = YES;
				CODE_SIGN_IDENTITY = "iPhone Developer";
				COPY_PHASE_STRIP = NO;
				DEBUG_INFORMATION_FORMAT = dwarf;
				ENABLE_STRICT_OBJC_MSGSEND = YES;
				ENABLE_TESTABILITY = YES;
				GCC_C_LANGUAGE_STANDARD = gnu11;
				GCC_DYNAMIC_NO_PIC = NO;
				GCC_NO_COMMON_BLOCKS = YES;
				GCC_OPTIMIZATION_LEVEL = 0;
				GCC_PREPROCESSOR_DEFINITIONS = (
					"DEBUG=1",
					"$(inherited)",
				);
				GCC_WARN_64_TO_32_BIT_CONVERSION = YES;
				GCC_WARN_ABOUT_RETURN_TYPE = YES_ERROR;
				GCC_WARN_UNDECLARED_SELECTOR = YES;
				GCC_WARN_UNINITIALIZED_AUTOS = YES_AGGRESSIVE;
				GCC_WARN_UNUSED_FUNCTION = YES;
				GCC_WARN_UNUSED_VARIABLE = YES;
				IPHONEOS_DEPLOYMENT_TARGET = 11.0;
				MTL_ENABLE_DEBUG_INFO = YES;
				ONLY_ACTIVE_ARCH = YES;
				SDKROOT = iphoneos;
				SWIFT_ACTIVE_COMPILATION_CONDITIONS = DEBUG;
				SWIFT_OPTIMIZATION_LEVEL = "-Onone";
			};
			name = Debug;
		};
		BF3AEAAB1FAA774A006F0003 /* Release */ = {
			isa = XCBuildConfiguration;
			buildSettings = {
				ALWAYS_SEARCH_USER_PATHS = NO;
				CLANG_ANALYZER_NONNULL = YES;
				CLANG_ANALYZER_NUMBER_OBJECT_CONVERSION = YES_AGGRESSIVE;
				CLANG_CXX_LANGUAGE_STANDARD = "gnu++14";
				CLANG_CXX_LIBRARY = "libc++";
				CLANG_ENABLE_MODULES = YES;
				CLANG_ENABLE_OBJC_ARC = YES;
				CLANG_WARN_BLOCK_CAPTURE_AUTORELEASING = YES;
				CLANG_WARN_BOOL_CONVERSION = YES;
				CLANG_WARN_COMMA = YES;
				CLANG_WARN_CONSTANT_CONVERSION = YES;
				CLANG_WARN_DIRECT_OBJC_ISA_USAGE = YES_ERROR;
				CLANG_WARN_DOCUMENTATION_COMMENTS = YES;
				CLANG_WARN_EMPTY_BODY = YES;
				CLANG_WARN_ENUM_CONVERSION = YES;
				CLANG_WARN_INFINITE_RECURSION = YES;
				CLANG_WARN_INT_CONVERSION = YES;
				CLANG_WARN_NON_LITERAL_NULL_CONVERSION = YES;
				CLANG_WARN_OBJC_LITERAL_CONVERSION = YES;
				CLANG_WARN_OBJC_ROOT_CLASS = YES_ERROR;
				CLANG_WARN_RANGE_LOOP_ANALYSIS = YES;
				CLANG_WARN_STRICT_PROTOTYPES = YES;
				CLANG_WARN_SUSPICIOUS_MOVE = YES;
				CLANG_WARN_UNGUARDED_AVAILABILITY = YES_AGGRESSIVE;
				CLANG_WARN_UNREACHABLE_CODE = YES;
				CLANG_WARN__DUPLICATE_METHOD_MATCH = YES;
				CODE_SIGN_IDENTITY = "iPhone Developer";
				COPY_PHASE_STRIP = NO;
				DEBUG_INFORMATION_FORMAT = "dwarf-with-dsym";
				ENABLE_NS_ASSERTIONS = NO;
				ENABLE_STRICT_OBJC_MSGSEND = YES;
				GCC_C_LANGUAGE_STANDARD = gnu11;
				GCC_NO_COMMON_BLOCKS = YES;
				GCC_WARN_64_TO_32_BIT_CONVERSION = YES;
				GCC_WARN_ABOUT_RETURN_TYPE = YES_ERROR;
				GCC_WARN_UNDECLARED_SELECTOR = YES;
				GCC_WARN_UNINITIALIZED_AUTOS = YES_AGGRESSIVE;
				GCC_WARN_UNUSED_FUNCTION = YES;
				GCC_WARN_UNUSED_VARIABLE = YES;
				IPHONEOS_DEPLOYMENT_TARGET = 11.0;
				MTL_ENABLE_DEBUG_INFO = NO;
				SDKROOT = iphoneos;
				SWIFT_OPTIMIZATION_LEVEL = "-Owholemodule";
				VALIDATE_PRODUCT = YES;
			};
			name = Release;
		};
		BF3AEAAD1FAA774A006F0003 /* Debug */ = {
			isa = XCBuildConfiguration;
			buildSettings = {
				ASSETCATALOG_COMPILER_APPICON_NAME = AppIcon;
				CODE_SIGN_STYLE = Automatic;
				DEVELOPMENT_TEAM = CGUE68EN3T;
				INFOPLIST_FILE = "Product-Hunt-API/Info.plist";
				LD_RUNPATH_SEARCH_PATHS = "$(inherited) @executable_path/Frameworks";
				PRODUCT_BUNDLE_IDENTIFIER = "com.momose-kaichi.Product-Hunt-API";
				PRODUCT_NAME = "$(TARGET_NAME)";
				SWIFT_VERSION = 4.0;
				TARGETED_DEVICE_FAMILY = "1,2";
			};
			name = Debug;
		};
		BF3AEAAE1FAA774A006F0003 /* Release */ = {
			isa = XCBuildConfiguration;
			buildSettings = {
				ASSETCATALOG_COMPILER_APPICON_NAME = AppIcon;
				CODE_SIGN_STYLE = Automatic;
				DEVELOPMENT_TEAM = CGUE68EN3T;
				INFOPLIST_FILE = "Product-Hunt-API/Info.plist";
				LD_RUNPATH_SEARCH_PATHS = "$(inherited) @executable_path/Frameworks";
				PRODUCT_BUNDLE_IDENTIFIER = "com.momose-kaichi.Product-Hunt-API";
				PRODUCT_NAME = "$(TARGET_NAME)";
				SWIFT_VERSION = 4.0;
				TARGETED_DEVICE_FAMILY = "1,2";
			};
			name = Release;
		};
/* End XCBuildConfiguration section */

/* Begin XCConfigurationList section */
		BF3AEA951FAA774A006F0003 /* Build configuration list for PBXProject "Product-Hunt-API" */ = {
			isa = XCConfigurationList;
			buildConfigurations = (
				BF3AEAAA1FAA774A006F0003 /* Debug */,
				BF3AEAAB1FAA774A006F0003 /* Release */,
			);
			defaultConfigurationIsVisible = 0;
			defaultConfigurationName = Release;
		};
		BF3AEAAC1FAA774A006F0003 /* Build configuration list for PBXNativeTarget "Product-Hunt-API" */ = {
			isa = XCConfigurationList;
			buildConfigurations = (
				BF3AEAAD1FAA774A006F0003 /* Debug */,
				BF3AEAAE1FAA774A006F0003 /* Release */,
			);
			defaultConfigurationIsVisible = 0;
			defaultConfigurationName = Release;
		};
/* End XCConfigurationList section */
	};
	rootObject = BF3AEA921FAA774A006F0003 /* Project object */;
}
